{
  "name": "vulx",
  "version": "0.0.1",
  "lockfileVersion": 2,
  "requires": true,
  "packages": {
    "": {
      "name": "vulx",
      "version": "0.0.1",
      "license": "MIT",
      "dependencies": {
        "chalk": "^5.2.0",
        "find-free-port": "^2.0.0"
      },
      "bin": {
        "vulx": "bin/cli.mjs"
      }
    },
    "node_modules/chalk": {
      "version": "5.2.0",
      "resolved": "https://registry.npmjs.org/chalk/-/chalk-5.2.0.tgz",
      "integrity": "sha512-ree3Gqw/nazQAPuJJEy+avdl7QfZMcUvmHIKgEZkGL+xOBzRvup5Hxo6LHuMceSxOabuJLJm5Yp/92R9eMmMvA==",
      "engines": {
        "node": "^12.17.0 || ^14.13 || >=16.0.0"
      },
      "funding": {
        "url": "https://github.com/chalk/chalk?sponsor=1"
      }
    },
    "node_modules/find-free-port": {
      "version": "2.0.0",
      "resolved": "https://registry.npmjs.org/find-free-port/-/find-free-port-2.0.0.tgz",
      "integrity": "sha512-J1j8gfEVf5FN4PR5w5wrZZ7NYs2IvqsHcd03cAeQx3Ec/mo+lKceaVNhpsRKoZpZKbId88o8qh+dwUwzBV6WCg=="
    }
  },
  "dependencies": {
    "chalk": {
      "version": "5.2.0",
      "resolved": "https://registry.npmjs.org/chalk/-/chalk-5.2.0.tgz",
      "integrity": "sha512-ree3Gqw/nazQAPuJJEy+avdl7QfZMcUvmHIKgEZkGL+xOBzRvup5Hxo6LHuMceSxOabuJLJm5Yp/92R9eMmMvA=="
    },
    "find-free-port": {
      "version": "2.0.0",
      "resolved": "https://registry.npmjs.org/find-free-port/-/find-free-port-2.0.0.tgz",
      "integrity": "sha512-J1j8gfEVf5FN4PR5w5wrZZ7NYs2IvqsHcd03cAeQx3Ec/mo+lKceaVNhpsRKoZpZKbId88o8qh+dwUwzBV6WCg=="
    }
  }
}
