{
  "name": "vulxi",
  "version": "0.0.8",
  "lockfileVersion": 3,
  "requires": true,
  "packages": {
    "": {
      "name": "vulxi",
      "version": "0.0.8",
      "license": "MIT",
      "dependencies": {
        "chalk": "^5.2.0",
        "get-port-please": "^3.1.2"
      },
      "bin": {
        "vulxi": "bin/cli.mjs"
      }
    },
    "node_modules/chalk": {
      "version": "5.3.0",
      "resolved": "https://registry.npmjs.org/chalk/-/chalk-5.3.0.tgz",
      "integrity": "sha512-dLitG79d+GV1Nb/VYcCDFivJeK1hiukt9QjRNVOsUtTy1rR1YJsmpGGTZ3qJos+uw7WmWF4wUwBd9jxjocFC2w==",
      "engines": {
        "node": "^12.17.0 || ^14.13 || >=16.0.0"
      },
      "funding": {
        "url": "https://github.com/chalk/chalk?sponsor=1"
      }
    },
    "node_modules/get-port-please": {
      "version": "3.1.2",
      "resolved": "https://registry.npmjs.org/get-port-please/-/get-port-please-3.1.2.tgz",
      "integrity": "sha512-Gxc29eLs1fbn6LQ4jSU4vXjlwyZhF5HsGuMAa7gqBP4Rw4yxxltyDUuF5MBclFzDTXO+ACchGQoeela4DSfzdQ=="
    }
  }
}
